
Microsoft Visual Studio Solution File, Format Version 12.00
# Visual Studio Version 17
VisualStudioVersion = 17.9.34622.214
MinimumVisualStudioVersion = 10.0.40219.1
Project("{FAE04EC0-301F-11D3-BF4B-00C04F79EFBC}") = "Laba_3", "Laba_3.csproj", "{71B4B500-F239-4D35-B0FE-5F2AFD834BFA}"
EndProject
Project("{FAE04EC0-301F-11D3-BF4B-00C04F79EFBC}") = "Tests", "..\Tests\Tests.csproj", "{958A3588-B267-4C9C-933F-A0409189926F}"
EndProject
Global
	GlobalSection(SolutionConfigurationPlatforms) = preSolution
		Debug|Any CPU = Debug|Any CPU
		Release|Any CPU = Release|Any CPU
	EndGlobalSection
	GlobalSection(ProjectConfigurationPlatforms) = postSolution
		{71B4B500-F239-4D35-B0FE-5F2AFD834BFA}.Debug|Any CPU.ActiveCfg = Debug|Any CPU
		{71B4B500-F239-4D35-B0FE-5F2AFD834BFA}.Debug|Any CPU.Build.0 = Debug|Any CPU
		{71B4B500-F239-4D35-B0FE-5F2AFD834BFA}.Release|Any CPU.ActiveCfg = Release|Any CPU
		{71B4B500-F239-4D35-B0FE-5F2AFD834BFA}.Release|Any CPU.Build.0 = Release|Any CPU
		{958A3588-B267-4C9C-933F-A0409189926F}.Debug|Any CPU.ActiveCfg = Debug|Any CPU
		{958A3588-B267-4C9C-933F-A0409189926F}.Debug|Any CPU.Build.0 = Debug|Any CPU
		{958A3588-B267-4C9C-933F-A0409189926F}.Release|Any CPU.ActiveCfg = Release|Any CPU
		{958A3588-B267-4C9C-933F-A0409189926F}.Release|Any CPU.Build.0 = Release|Any CPU
	EndGlobalSection
	GlobalSection(SolutionProperties) = preSolution
		HideSolutionNode = FALSE
	EndGlobalSection
	GlobalSection(ExtensibilityGlobals) = postSolution
		SolutionGuid = {685909D6-EEA5-4AC8-94B3-2C9F2E754B9E}
	EndGlobalSection
EndGlobal
